// !$*UTF8*$!
{
	archiveVersion = 1;
	classes = {
	};
	objectVersion = 55;
	objects = {

/* Begin PBXBuildFile section */
		ADBF210327E1762E00E25E8F /* CircleImage.swift in Sources */ = {isa = PBXBuildFile; fileRef = ADBF210227E1762E00E25E8F /* CircleImage.swift */; };
		ADBF210527E1777600E25E8F /* MapView.swift in Sources */ = {isa = PBXBuildFile; fileRef = ADBF210427E1777600E25E8F /* MapView.swift */; };
		ADBF210927E27B9600E25E8F /* Landmark.swift in Sources */ = {isa = PBXBuildFile; fileRef = ADBF210827E27B9600E25E8F /* Landmark.swift */; };
		ADBF210B27E27C0300E25E8F /* landmarkData.json in Resources */ = {isa = PBXBuildFile; fileRef = ADBF210A27E27C0300E25E8F /* landmarkData.json */; };
		ADC148FE27D4383800ED0505 /* AppDelegate.swift in Sources */ = {isa = PBXBuildFile; fileRef = ADC148FD27D4383800ED0505 /* AppDelegate.swift */; };
		ADC1490027D4383800ED0505 /* SceneDelegate.swift in Sources */ = {isa = PBXBuildFile; fileRef = ADC148FF27D4383800ED0505 /* SceneDelegate.swift */; };
		ADC1490227D4383800ED0505 /* ViewController.swift in Sources */ = {isa = PBXBuildFile; fileRef = ADC1490127D4383800ED0505 /* ViewController.swift */; };
		ADC1490527D4383800ED0505 /* Main.storyboard in Resources */ = {isa = PBXBuildFile; fileRef = ADC1490327D4383800ED0505 /* Main.storyboard */; };
		ADC1490727D4383900ED0505 /* Assets.xcassets in Resources */ = {isa = PBXBuildFile; fileRef = ADC1490627D4383900ED0505 /* Assets.xcassets */; };
		ADC1490A27D4383900ED0505 /* LaunchScreen.storyboard in Resources */ = {isa = PBXBuildFile; fileRef = ADC1490827D4383900ED0505 /* LaunchScreen.storyboard */; };
		ADC1491227D43A2300ED0505 /* SwiftUIContentView.swift in Sources */ = {isa = PBXBuildFile; fileRef = ADC1491127D43A2300ED0505 /* SwiftUIContentView.swift */; };
/* End PBXBuildFile section */

/* Begin PBXFileReference section */
		ADBF210227E1762E00E25E8F /* CircleImage.swift */ = {isa = PBXFileReference; lastKnownFileType = sourcecode.swift; path = CircleImage.swift; sourceTree = "<group>"; };
		ADBF210427E1777600E25E8F /* MapView.swift */ = {isa = PBXFileReference; lastKnownFileType = sourcecode.swift; path = MapView.swift; sourceTree = "<group>"; };
		ADBF210827E27B9600E25E8F /* Landmark.swift */ = {isa = PBXFileReference; lastKnownFileType = sourcecode.swift; path = Landmark.swift; sourceTree = "<group>"; };
		ADBF210A27E27C0300E25E8F /* landmarkData.json */ = {isa = PBXFileReference; fileEncoding = 4; lastKnownFileType = text.json; path = landmarkData.json; sourceTree = "<group>"; };
		ADC148FA27D4383800ED0505 /* SwiftUIIntegration.app */ = {isa = PBXFileReference; explicitFileType = wrapper.application; includeInIndex = 0; path = SwiftUIIntegration.app; sourceTree = BUILT_PRODUCTS_DIR; };
		ADC148FD27D4383800ED0505 /* AppDelegate.swift */ = {isa = PBXFileReference; lastKnownFileType = sourcecode.swift; path = AppDelegate.swift; sourceTree = "<group>"; };
		ADC148FF27D4383800ED0505 /* SceneDelegate.swift */ = {isa = PBXFileReference; lastKnownFileType = sourcecode.swift; path = SceneDelegate.swift; sourceTree = "<group>"; };
		ADC1490127D4383800ED0505 /* ViewController.swift */ = {isa = PBXFileReference; lastKnownFileType = sourcecode.swift; path = ViewController.swift; sourceTree = "<group>"; };
		ADC1490427D4383800ED0505 /* Base */ = {isa = PBXFileReference; lastKnownFileType = file.storyboard; name = Base; path = Base.lproj/Main.storyboard; sourceTree = "<group>"; };
		ADC1490627D4383900ED0505 /* Assets.xcassets */ = {isa = PBXFileReference; lastKnownFileType = folder.assetcatalog; path = Assets.xcassets; sourceTree = "<group>"; };
		ADC1490927D4383900ED0505 /* Base */ = {isa = PBXFileReference; lastKnownFileType = file.storyboard; name = Base; path = Base.lproj/LaunchScreen.storyboard; sourceTree = "<group>"; };
		ADC1490B27D4383900ED0505 /* Info.plist */ = {isa = PBXFileReference; lastKnownFileType = text.plist.xml; path = Info.plist; sourceTree = "<group>"; };
		ADC1491127D43A2300ED0505 /* SwiftUIContentView.swift */ = {isa = PBXFileReference; lastKnownFileType = sourcecode.swift; path = SwiftUIContentView.swift; sourceTree = "<group>"; };
/* End PBXFileReference section */

/* Begin PBXFrameworksBuildPhase section */
		ADC148F727D4383800ED0505 /* Frameworks */ = {
			isa = PBXFrameworksBuildPhase;
			buildActionMask = 2147483647;
			files = (
			);
			runOnlyForDeploymentPostprocessing = 0;
		};
/* End PBXFrameworksBuildPhase section */

/* Begin PBXGroup section */
		ADBF210627E178E900E25E8F /* SwiftUI Views */ = {
			isa = PBXGroup;
			children = (
				ADC1491127D43A2300ED0505 /* SwiftUIContentView.swift */,
				ADBF210227E1762E00E25E8F /* CircleImage.swift */,
				ADBF210427E1777600E25E8F /* MapView.swift */,
			);
			path = "SwiftUI Views";
			sourceTree = "<group>";
		};
		ADBF210727E27B7600E25E8F /* Models */ = {
			isa = PBXGroup;
			children = (
				ADBF210A27E27C0300E25E8F /* landmarkData.json */,
				ADBF210827E27B9600E25E8F /* Landmark.swift */,
			);
			path = Models;
			sourceTree = "<group>";
		};
		ADC148F127D4383800ED0505 = {
			isa = PBXGroup;
			children = (
				ADC148FC27D4383800ED0505 /* SwiftUIIntegration */,
				ADC148FB27D4383800ED0505 /* Products */,
			);
			sourceTree = "<group>";
		};
		ADC148FB27D4383800ED0505 /* Products */ = {
			isa = PBXGroup;
			children = (
				ADC148FA27D4383800ED0505 /* SwiftUIIntegration.app */,
			);
			name = Products;
			sourceTree = "<group>";
		};
		ADC148FC27D4383800ED0505 /* SwiftUIIntegration */ = {
			isa = PBXGroup;
			children = (
				ADBF210727E27B7600E25E8F /* Models */,
				ADBF210627E178E900E25E8F /* SwiftUI Views */,
				ADC148FD27D4383800ED0505 /* AppDelegate.swift */,
				ADC148FF27D4383800ED0505 /* SceneDelegate.swift */,
				ADC1490127D4383800ED0505 /* ViewController.swift */,
				ADC1490327D4383800ED0505 /* Main.storyboard */,
				ADC1490627D4383900ED0505 /* Assets.xcassets */,
				ADC1490827D4383900ED0505 /* LaunchScreen.storyboard */,
				ADC1490B27D4383900ED0505 /* Info.plist */,
			);
			path = SwiftUIIntegration;
			sourceTree = "<group>";
		};
/* End PBXGroup section */

/* Begin PBXNativeTarget section */
		ADC148F927D4383800ED0505 /* SwiftUIIntegration */ = {
			isa = PBXNativeTarget;
			buildConfigurationList = ADC1490E27D4383900ED0505 /* Build configuration list for PBXNativeTarget "SwiftUIIntegration" */;
			buildPhases = (
				ADC148F627D4383800ED0505 /* Sources */,
				ADC148F727D4383800ED0505 /* Frameworks */,
				ADC148F827D4383800ED0505 /* Resources */,
			);
			buildRules = (
			);
			dependencies = (
			);
			name = SwiftUIIntegration;
			productName = SwiftUIIntegration;
			productReference = ADC148FA27D4383800ED0505 /* SwiftUIIntegration.app */;
			productType = "com.apple.product-type.application";
		};
/* End PBXNativeTarget section */

/* Begin PBXProject section */
		ADC148F227D4383800ED0505 /* Project object */ = {
			isa = PBXProject;
			attributes = {
				BuildIndependentTargetsInParallel = 1;
				LastSwiftUpdateCheck = 1300;
				LastUpgradeCheck = 1300;
				TargetAttributes = {
					ADC148F927D4383800ED0505 = {
						CreatedOnToolsVersion = 13.0;
					};
				};
			};
			buildConfigurationList = ADC148F527D4383800ED0505 /* Build configuration list for PBXProject "SwiftUIIntegration" */;
			compatibilityVersion = "Xcode 13.0";
			developmentRegion = en;
			hasScannedForEncodings = 0;
			knownRegions = (
				en,
				Base,
			);
			mainGroup = ADC148F127D4383800ED0505;
			productRefGroup = ADC148FB27D4383800ED0505 /* Products */;
			projectDirPath = "";
			projectRoot = "";
			targets = (
				ADC148F927D4383800ED0505 /* SwiftUIIntegration */,
			);
		};
/* End PBXProject section */

/* Begin PBXResourcesBuildPhase section */
		ADC148F827D4383800ED0505 /* Resources */ = {
			isa = PBXResourcesBuildPhase;
			buildActionMask = 2147483647;
			files = (
				ADC1490A27D4383900ED0505 /* LaunchScreen.storyboard in Resources */,
				ADBF210B27E27C0300E25E8F /* landmarkData.json in Resources */,
				ADC1490727D4383900ED0505 /* Assets.xcassets in Resources */,
				ADC1490527D4383800ED0505 /* Main.storyboard in Resources */,
			);
			runOnlyForDeploymentPostprocessing = 0;
		};
/* End PBXResourcesBuildPhase section */

/* Begin PBXSourcesBuildPhase section */
		ADC148F627D4383800ED0505 /* Sources */ = {
			isa = PBXSourcesBuildPhase;
			buildActionMask = 2147483647;
			files = (
				ADBF210927E27B9600E25E8F /* Landmark.swift in Sources */,
				ADC1490227D4383800ED0505 /* ViewController.swift in Sources */,
				ADBF210527E1777600E25E8F /* MapView.swift in Sources */,
				ADC148FE27D4383800ED0505 /* AppDelegate.swift in Sources */,
				ADC1491227D43A2300ED0505 /* SwiftUIContentView.swift in Sources */,
				ADC1490027D4383800ED0505 /* SceneDelegate.swift in Sources */,
				ADBF210327E1762E00E25E8F /* CircleImage.swift in Sources */,
			);
			runOnlyForDeploymentPostprocessing = 0;
		};
/* End PBXSourcesBuildPhase section */

/* Begin PBXVariantGroup section */
		ADC1490327D4383800ED0505 /* Main.storyboard */ = {
			isa = PBXVariantGroup;
			children = (
				ADC1490427D4383800ED0505 /* Base */,
			);
			name = Main.storyboard;
			sourceTree = "<group>";
		};
		ADC1490827D4383900ED0505 /* LaunchScreen.storyboard */ = {
			isa = PBXVariantGroup;
			children = (
				ADC1490927D4383900ED0505 /* Base */,
			);
			name = LaunchScreen.storyboard;
			sourceTree = "<group>";
		};
/* End PBXVariantGroup section */

/* Begin XCBuildConfiguration section */
		ADC1490C27D4383900ED0505 /* Debug */ = {
			isa = XCBuildConfiguration;
			buildSettings = {
				ALWAYS_SEARCH_USER_PATHS = NO;
				CLANG_ANALYZER_NONNULL = YES;
				CLANG_ANALYZER_NUMBER_OBJECT_CONVERSION = YES_AGGRESSIVE;
				CLANG_CXX_LANGUAGE_STANDARD = "gnu++17";
				CLANG_CXX_LIBRARY = "libc++";
				CLANG_ENABLE_MODULES = YES;
				CLANG_ENABLE_OBJC_ARC = YES;
				CLANG_ENABLE_OBJC_WEAK = YES;
				CLANG_WARN_BLOCK_CAPTURE_AUTORELEASING = YES;
				CLANG_WARN_BOOL_CONVERSION = YES;
				CLANG_WARN_COMMA = YES;
				CLANG_WARN_CONSTANT_CONVERSION = YES;
				CLANG_WARN_DEPRECATED_OBJC_IMPLEMENTATIONS = YES;
				CLANG_WARN_DIRECT_OBJC_ISA_USAGE = YES_ERROR;
				CLANG_WARN_DOCUMENTATION_COMMENTS = YES;
				CLANG_WARN_EMPTY_BODY = YES;
				CLANG_WARN_ENUM_CONVERSION = YES;
				CLANG_WARN_INFINITE_RECURSION = YES;
				CLANG_WARN_INT_CONVERSION = YES;
				CLANG_WARN_NON_LITERAL_NULL_CONVERSION = YES;
				CLANG_WARN_OBJC_IMPLICIT_RETAIN_SELF = YES;
				CLANG_WARN_OBJC_LITERAL_CONVERSION = YES;
				CLANG_WARN_OBJC_ROOT_CLASS = YES_ERROR;
				CLANG_WARN_QUOTED_INCLUDE_IN_FRAMEWORK_HEADER = YES;
				CLANG_WARN_RANGE_LOOP_ANALYSIS = YES;
				CLANG_WARN_STRICT_PROTOTYPES = YES;
				CLANG_WARN_SUSPICIOUS_MOVE = YES;
				CLANG_WARN_UNGUARDED_AVAILABILITY = YES_AGGRESSIVE;
				CLANG_WARN_UNREACHABLE_CODE = YES;
				CLANG_WARN__DUPLICATE_METHOD_MATCH = YES;
				COPY_PHASE_STRIP = NO;
				DEBUG_INFORMATION_FORMAT = dwarf;
				ENABLE_STRICT_OBJC_MSGSEND = YES;
				ENABLE_TESTABILITY = YES;
				GCC_C_LANGUAGE_STANDARD = gnu11;
				GCC_DYNAMIC_NO_PIC = NO;
				GCC_NO_COMMON_BLOCKS = YES;
				GCC_OPTIMIZATION_LEVEL = 0;
				GCC_PREPROCESSOR_DEFINITIONS = (
					"DEBUG=1",
					"$(inherited)",
				);
				GCC_WARN_64_TO_32_BIT_CONVERSION = YES;
				GCC_WARN_ABOUT_RETURN_TYPE = YES_ERROR;
				GCC_WARN_UNDECLARED_SELECTOR = YES;
				GCC_WARN_UNINITIALIZED_AUTOS = YES_AGGRESSIVE;
				GCC_WARN_UNUSED_FUNCTION = YES;
				GCC_WARN_UNUSED_VARIABLE = YES;
				IPHONEOS_DEPLOYMENT_TARGET = 15.0;
				MTL_ENABLE_DEBUG_INFO = INCLUDE_SOURCE;
				MTL_FAST_MATH = YES;
				ONLY_ACTIVE_ARCH = YES;
				SDKROOT = iphoneos;
				SWIFT_ACTIVE_COMPILATION_CONDITIONS = DEBUG;
				SWIFT_OPTIMIZATION_LEVEL = "-Onone";
			};
			name = Debug;
		};
		ADC1490D27D4383900ED0505 /* Release */ = {
			isa = XCBuildConfiguration;
			buildSettings = {
				ALWAYS_SEARCH_USER_PATHS = NO;
				CLANG_ANALYZER_NONNULL = YES;
				CLANG_ANALYZER_NUMBER_OBJECT_CONVERSION = YES_AGGRESSIVE;
				CLANG_CXX_LANGUAGE_STANDARD = "gnu++17";
				CLANG_CXX_LIBRARY = "libc++";
				CLANG_ENABLE_MODULES = YES;
				CLANG_ENABLE_OBJC_ARC = YES;
				CLANG_ENABLE_OBJC_WEAK = YES;
				CLANG_WARN_BLOCK_CAPTURE_AUTORELEASING = YES;
				CLANG_WARN_BOOL_CONVERSION = YES;
				CLANG_WARN_COMMA = YES;
				CLANG_WARN_CONSTANT_CONVERSION = YES;
				CLANG_WARN_DEPRECATED_OBJC_IMPLEMENTATIONS = YES;
				CLANG_WARN_DIRECT_OBJC_ISA_USAGE = YES_ERROR;
				CLANG_WARN_DOCUMENTATION_COMMENTS = YES;
				CLANG_WARN_EMPTY_BODY = YES;
				CLANG_WARN_ENUM_CONVERSION = YES;
				CLANG_WARN_INFINITE_RECURSION = YES;
				CLANG_WARN_INT_CONVERSION = YES;
				CLANG_WARN_NON_LITERAL_NULL_CONVERSION = YES;
				CLANG_WARN_OBJC_IMPLICIT_RETAIN_SELF = YES;
				CLANG_WARN_OBJC_LITERAL_CONVERSION = YES;
				CLANG_WARN_OBJC_ROOT_CLASS = YES_ERROR;
				CLANG_WARN_QUOTED_INCLUDE_IN_FRAMEWORK_HEADER = YES;
				CLANG_WARN_RANGE_LOOP_ANALYSIS = YES;
				CLANG_WARN_STRICT_PROTOTYPES = YES;
				CLANG_WARN_SUSPICIOUS_MOVE = YES;
				CLANG_WARN_UNGUARDED_AVAILABILITY = YES_AGGRESSIVE;
				CLANG_WARN_UNREACHABLE_CODE = YES;
				CLANG_WARN__DUPLICATE_METHOD_MATCH = YES;
				COPY_PHASE_STRIP = NO;
				DEBUG_INFORMATION_FORMAT = "dwarf-with-dsym";
				ENABLE_NS_ASSERTIONS = NO;
				ENABLE_STRICT_OBJC_MSGSEND = YES;
				GCC_C_LANGUAGE_STANDARD = gnu11;
				GCC_NO_COMMON_BLOCKS = YES;
				GCC_WARN_64_TO_32_BIT_CONVERSION = YES;
				GCC_WARN_ABOUT_RETURN_TYPE = YES_ERROR;
				GCC_WARN_UNDECLARED_SELECTOR = YES;
				GCC_WARN_UNINITIALIZED_AUTOS = YES_AGGRESSIVE;
				GCC_WARN_UNUSED_FUNCTION = YES;
				GCC_WARN_UNUSED_VARIABLE = YES;
				IPHONEOS_DEPLOYMENT_TARGET = 15.0;
				MTL_ENABLE_DEBUG_INFO = NO;
				MTL_FAST_MATH = YES;
				SDKROOT = iphoneos;
				SWIFT_COMPILATION_MODE = wholemodule;
				SWIFT_OPTIMIZATION_LEVEL = "-O";
				VALIDATE_PRODUCT = YES;
			};
			name = Release;
		};
		ADC1490F27D4383900ED0505 /* Debug */ = {
			isa = XCBuildConfiguration;
			buildSettings = {
				ASSETCATALOG_COMPILER_APPICON_NAME = AppIcon;
				ASSETCATALOG_COMPILER_GLOBAL_ACCENT_COLOR_NAME = AccentColor;
				CODE_SIGN_STYLE = Automatic;
				CURRENT_PROJECT_VERSION = 1;
				DEVELOPMENT_TEAM = 4GW4F27JMN;
				GENERATE_INFOPLIST_FILE = YES;
				INFOPLIST_FILE = SwiftUIIntegration/Info.plist;
				INFOPLIST_KEY_UIApplicationSupportsIndirectInputEvents = YES;
				INFOPLIST_KEY_UILaunchStoryboardName = LaunchScreen;
				INFOPLIST_KEY_UIMainStoryboardFile = Main;
				INFOPLIST_KEY_UISupportedInterfaceOrientations_iPad = "UIInterfaceOrientationPortrait UIInterfaceOrientationPortraitUpsideDown UIInterfaceOrientationLandscapeLeft UIInterfaceOrientationLandscapeRight";
				INFOPLIST_KEY_UISupportedInterfaceOrientations_iPhone = "UIInterfaceOrientationPortrait UIInterfaceOrientationLandscapeLeft UIInterfaceOrientationLandscapeRight";
				LD_RUNPATH_SEARCH_PATHS = (
					"$(inherited)",
					"@executable_path/Frameworks",
				);
				MARKETING_VERSION = 1.0;
				PRODUCT_BUNDLE_IDENTIFIER = com.fmustafa.SwiftUIIntegration;
				PRODUCT_NAME = "$(TARGET_NAME)";
				SWIFT_EMIT_LOC_STRINGS = YES;
				SWIFT_VERSION = 5.0;
				TARGETED_DEVICE_FAMILY = "1,2";
			};
			name = Debug;
		};
		ADC1491027D4383900ED0505 /* Release */ = {
			isa = XCBuildConfiguration;
			buildSettings = {
				ASSETCATALOG_COMPILER_APPICON_NAME = AppIcon;
				ASSETCATALOG_COMPILER_GLOBAL_ACCENT_COLOR_NAME = AccentColor;
				CODE_SIGN_STYLE = Automatic;
				CURRENT_PROJECT_VERSION = 1;
				DEVELOPMENT_TEAM = 4GW4F27JMN;
				GENERATE_INFOPLIST_FILE = YES;
				INFOPLIST_FILE = SwiftUIIntegration/Info.plist;
				INFOPLIST_KEY_UIApplicationSupportsIndirectInputEvents = YES;
				INFOPLIST_KEY_UILaunchStoryboardName = LaunchScreen;
				INFOPLIST_KEY_UIMainStoryboardFile = Main;
				INFOPLIST_KEY_UISupportedInterfaceOrientations_iPad = "UIInterfaceOrientationPortrait UIInterfaceOrientationPortraitUpsideDown UIInterfaceOrientationLandscapeLeft UIInterfaceOrientationLandscapeRight";
				INFOPLIST_KEY_UISupportedInterfaceOrientations_iPhone = "UIInterfaceOrientationPortrait UIInterfaceOrientationLandscapeLeft UIInterfaceOrientationLandscapeRight";
				LD_RUNPATH_SEARCH_PATHS = (
					"$(inherited)",
					"@executable_path/Frameworks",
				);
				MARKETING_VERSION = 1.0;
				PRODUCT_BUNDLE_IDENTIFIER = com.fmustafa.SwiftUIIntegration;
				PRODUCT_NAME = "$(TARGET_NAME)";
				SWIFT_EMIT_LOC_STRINGS = YES;
				SWIFT_VERSION = 5.0;
				TARGETED_DEVICE_FAMILY = "1,2";
			};
			name = Release;
		};
/* End XCBuildConfiguration section */

/* Begin XCConfigurationList section */
		ADC148F527D4383800ED0505 /* Build configuration list for PBXProject "SwiftUIIntegration" */ = {
			isa = XCConfigurationList;
			buildConfigurations = (
				ADC1490C27D4383900ED0505 /* Debug */,
				ADC1490D27D4383900ED0505 /* Release */,
			);
			defaultConfigurationIsVisible = 0;
			defaultConfigurationName = Release;
		};
		ADC1490E27D4383900ED0505 /* Build configuration list for PBXNativeTarget "SwiftUIIntegration" */ = {
			isa = XCConfigurationList;
			buildConfigurations = (
				ADC1490F27D4383900ED0505 /* Debug */,
				ADC1491027D4383900ED0505 /* Release */,
			);
			defaultConfigurationIsVisible = 0;
			defaultConfigurationName = Release;
		};
/* End XCConfigurationList section */
	};
	rootObject = ADC148F227D4383800ED0505 /* Project object */;
}
